// !$*UTF8*$!
{
	archiveVersion = 1;
	classes = {
	};
	objectVersion = 52;
	objects = {

/* Begin PBXBuildFile section */
		EF9A05AB2540506300FA0946 /* tobipen.gif in Resources */ = {isa = PBXBuildFile; fileRef = EF9A05A72540506300FA0946 /* tobipen.gif */; };
		EF9A05AC2540506300FA0946 /* piyo.gif in Resources */ = {isa = PBXBuildFile; fileRef = EF9A05A82540506300FA0946 /* piyo.gif */; };
		EF9A05AD2540506300FA0946 /* pen.gif in Resources */ = {isa = PBXBuildFile; fileRef = EF9A05A92540506300FA0946 /* pen.gif */; };
		EF9A05AE2540506300FA0946 /* neko.gif in Resources */ = {isa = PBXBuildFile; fileRef = EF9A05AA2540506300FA0946 /* neko.gif */; };
		EF9A05B22540525800FA0946 /* SDWebImageSwiftUI in Frameworks */ = {isa = PBXBuildFile; productRef = EF9A05B12540525800FA0946 /* SDWebImageSwiftUI */; };
		EFBABEF925404DBF00F5CEF9 /* Custom_TabViewApp.swift in Sources */ = {isa = PBXBuildFile; fileRef = EFBABEF825404DBF00F5CEF9 /* Custom_TabViewApp.swift */; };
		EFBABEFB25404DBF00F5CEF9 /* ContentView.swift in Sources */ = {isa = PBXBuildFile; fileRef = EFBABEFA25404DBF00F5CEF9 /* ContentView.swift */; };
		EFBABEFD25404DC100F5CEF9 /* Assets.xcassets in Resources */ = {isa = PBXBuildFile; fileRef = EFBABEFC25404DC100F5CEF9 /* Assets.xcassets */; };
		EFBABF0025404DC100F5CEF9 /* Preview Assets.xcassets in Resources */ = {isa = PBXBuildFile; fileRef = EFBABEFF25404DC100F5CEF9 /* Preview Assets.xcassets */; };
/* End PBXBuildFile section */

/* Begin PBXFileReference section */
		EF9A05A52540504900FA0946 /* README.md */ = {isa = PBXFileReference; lastKnownFileType = net.daringfireball.markdown; path = README.md; sourceTree = "<group>"; };
		EF9A05A72540506300FA0946 /* tobipen.gif */ = {isa = PBXFileReference; lastKnownFileType = image.gif; path = tobipen.gif; sourceTree = "<group>"; };
		EF9A05A82540506300FA0946 /* piyo.gif */ = {isa = PBXFileReference; lastKnownFileType = image.gif; path = piyo.gif; sourceTree = "<group>"; };
		EF9A05A92540506300FA0946 /* pen.gif */ = {isa = PBXFileReference; lastKnownFileType = image.gif; path = pen.gif; sourceTree = "<group>"; };
		EF9A05AA2540506300FA0946 /* neko.gif */ = {isa = PBXFileReference; lastKnownFileType = image.gif; path = neko.gif; sourceTree = "<group>"; };
		EFBABEF525404DBF00F5CEF9 /* Custom TabView.app */ = {isa = PBXFileReference; explicitFileType = wrapper.application; includeInIndex = 0; path = "Custom TabView.app"; sourceTree = BUILT_PRODUCTS_DIR; };
		EFBABEF825404DBF00F5CEF9 /* Custom_TabViewApp.swift */ = {isa = PBXFileReference; lastKnownFileType = sourcecode.swift; path = Custom_TabViewApp.swift; sourceTree = "<group>"; };
		EFBABEFA25404DBF00F5CEF9 /* ContentView.swift */ = {isa = PBXFileReference; lastKnownFileType = sourcecode.swift; path = ContentView.swift; sourceTree = "<group>"; };
		EFBABEFC25404DC100F5CEF9 /* Assets.xcassets */ = {isa = PBXFileReference; lastKnownFileType = folder.assetcatalog; path = Assets.xcassets; sourceTree = "<group>"; };
		EFBABEFF25404DC100F5CEF9 /* Preview Assets.xcassets */ = {isa = PBXFileReference; lastKnownFileType = folder.assetcatalog; path = "Preview Assets.xcassets"; sourceTree = "<group>"; };
		EFBABF0125404DC100F5CEF9 /* Info.plist */ = {isa = PBXFileReference; lastKnownFileType = text.plist.xml; path = Info.plist; sourceTree = "<group>"; };
/* End PBXFileReference section */

/* Begin PBXFrameworksBuildPhase section */
		EFBABEF225404DBF00F5CEF9 /* Frameworks */ = {
			isa = PBXFrameworksBuildPhase;
			buildActionMask = 2147483647;
			files = (
				EF9A05B22540525800FA0946 /* SDWebImageSwiftUI in Frameworks */,
			);
			runOnlyForDeploymentPostprocessing = 0;
		};
/* End PBXFrameworksBuildPhase section */

/* Begin PBXGroup section */
		EF9A05A62540506300FA0946 /* Gif */ = {
			isa = PBXGroup;
			children = (
				EF9A05A72540506300FA0946 /* tobipen.gif */,
				EF9A05A82540506300FA0946 /* piyo.gif */,
				EF9A05A92540506300FA0946 /* pen.gif */,
				EF9A05AA2540506300FA0946 /* neko.gif */,
			);
			path = Gif;
			sourceTree = "<group>";
		};
		EFBABEEC25404DBF00F5CEF9 = {
			isa = PBXGroup;
			children = (
				EF9A05A52540504900FA0946 /* README.md */,
				EFBABEF725404DBF00F5CEF9 /* Custom TabView */,
				EFBABEF625404DBF00F5CEF9 /* Products */,
			);
			sourceTree = "<group>";
		};
		EFBABEF625404DBF00F5CEF9 /* Products */ = {
			isa = PBXGroup;
			children = (
				EFBABEF525404DBF00F5CEF9 /* Custom TabView.app */,
			);
			name = Products;
			sourceTree = "<group>";
		};
		EFBABEF725404DBF00F5CEF9 /* Custom TabView */ = {
			isa = PBXGroup;
			children = (
				EFBABEF825404DBF00F5CEF9 /* Custom_TabViewApp.swift */,
				EFBABEFA25404DBF00F5CEF9 /* ContentView.swift */,
				EFBABEFC25404DC100F5CEF9 /* Assets.xcassets */,
				EFBABF0125404DC100F5CEF9 /* Info.plist */,
				EF9A05A62540506300FA0946 /* Gif */,
				EFBABEFE25404DC100F5CEF9 /* Preview Content */,
			);
			path = "Custom TabView";
			sourceTree = "<group>";
		};
		EFBABEFE25404DC100F5CEF9 /* Preview Content */ = {
			isa = PBXGroup;
			children = (
				EFBABEFF25404DC100F5CEF9 /* Preview Assets.xcassets */,
			);
			path = "Preview Content";
			sourceTree = "<group>";
		};
/* End PBXGroup section */

/* Begin PBXNativeTarget section */
		EFBABEF425404DBF00F5CEF9 /* Custom TabView */ = {
			isa = PBXNativeTarget;
			buildConfigurationList = EFBABF0425404DC100F5CEF9 /* Build configuration list for PBXNativeTarget "Custom TabView" */;
			buildPhases = (
				EFBABEF125404DBF00F5CEF9 /* Sources */,
				EFBABEF225404DBF00F5CEF9 /* Frameworks */,
				EFBABEF325404DBF00F5CEF9 /* Resources */,
			);
			buildRules = (
			);
			dependencies = (
			);
			name = "Custom TabView";
			packageProductDependencies = (
				EF9A05B12540525800FA0946 /* SDWebImageSwiftUI */,
			);
			productName = "Custom TabView";
			productReference = EFBABEF525404DBF00F5CEF9 /* Custom TabView.app */;
			productType = "com.apple.product-type.application";
		};
/* End PBXNativeTarget section */

/* Begin PBXProject section */
		EFBABEED25404DBF00F5CEF9 /* Project object */ = {
			isa = PBXProject;
			attributes = {
				LastSwiftUpdateCheck = 1210;
				LastUpgradeCheck = 1210;
				TargetAttributes = {
					EFBABEF425404DBF00F5CEF9 = {
						CreatedOnToolsVersion = 12.1;
					};
				};
			};
			buildConfigurationList = EFBABEF025404DBF00F5CEF9 /* Build configuration list for PBXProject "Custom TabView" */;
			compatibilityVersion = "Xcode 9.3";
			developmentRegion = en;
			hasScannedForEncodings = 0;
			knownRegions = (
				en,
				Base,
			);
			mainGroup = EFBABEEC25404DBF00F5CEF9;
			packageReferences = (
				EF9A05B02540525800FA0946 /* XCRemoteSwiftPackageReference "SDWebImageSwiftUI" */,
			);
			productRefGroup = EFBABEF625404DBF00F5CEF9 /* Products */;
			projectDirPath = "";
			projectRoot = "";
			targets = (
				EFBABEF425404DBF00F5CEF9 /* Custom TabView */,
			);
		};
/* End PBXProject section */

/* Begin PBXResourcesBuildPhase section */
		EFBABEF325404DBF00F5CEF9 /* Resources */ = {
			isa = PBXResourcesBuildPhase;
			buildActionMask = 2147483647;
			files = (
				EF9A05AB2540506300FA0946 /* tobipen.gif in Resources */,
				EF9A05AE2540506300FA0946 /* neko.gif in Resources */,
				EF9A05AC2540506300FA0946 /* piyo.gif in Resources */,
				EFBABF0025404DC100F5CEF9 /* Preview Assets.xcassets in Resources */,
				EF9A05AD2540506300FA0946 /* pen.gif in Resources */,
				EFBABEFD25404DC100F5CEF9 /* Assets.xcassets in Resources */,
			);
			runOnlyForDeploymentPostprocessing = 0;
		};
/* End PBXResourcesBuildPhase section */

/* Begin PBXSourcesBuildPhase section */
		EFBABEF125404DBF00F5CEF9 /* Sources */ = {
			isa = PBXSourcesBuildPhase;
			buildActionMask = 2147483647;
			files = (
				EFBABEFB25404DBF00F5CEF9 /* ContentView.swift in Sources */,
				EFBABEF925404DBF00F5CEF9 /* Custom_TabViewApp.swift in Sources */,
			);
			runOnlyForDeploymentPostprocessing = 0;
		};
/* End PBXSourcesBuildPhase section */

/* Begin XCBuildConfiguration section */
		EFBABF0225404DC100F5CEF9 /* Debug */ = {
			isa = XCBuildConfiguration;
			buildSettings = {
				ALWAYS_SEARCH_USER_PATHS = NO;
				CLANG_ANALYZER_NONNULL = YES;
				CLANG_ANALYZER_NUMBER_OBJECT_CONVERSION = YES_AGGRESSIVE;
				CLANG_CXX_LANGUAGE_STANDARD = "gnu++14";
				CLANG_CXX_LIBRARY = "libc++";
				CLANG_ENABLE_MODULES = YES;
				CLANG_ENABLE_OBJC_ARC = YES;
				CLANG_ENABLE_OBJC_WEAK = YES;
				CLANG_WARN_BLOCK_CAPTURE_AUTORELEASING = YES;
				CLANG_WARN_BOOL_CONVERSION = YES;
				CLANG_WARN_COMMA = YES;
				CLANG_WARN_CONSTANT_CONVERSION = YES;
				CLANG_WARN_DEPRECATED_OBJC_IMPLEMENTATIONS = YES;
				CLANG_WARN_DIRECT_OBJC_ISA_USAGE = YES_ERROR;
				CLANG_WARN_DOCUMENTATION_COMMENTS = YES;
				CLANG_WARN_EMPTY_BODY = YES;
				CLANG_WARN_ENUM_CONVERSION = YES;
				CLANG_WARN_INFINITE_RECURSION = YES;
				CLANG_WARN_INT_CONVERSION = YES;
				CLANG_WARN_NON_LITERAL_NULL_CONVERSION = YES;
				CLANG_WARN_OBJC_IMPLICIT_RETAIN_SELF = YES;
				CLANG_WARN_OBJC_LITERAL_CONVERSION = YES;
				CLANG_WARN_OBJC_ROOT_CLASS = YES_ERROR;
				CLANG_WARN_QUOTED_INCLUDE_IN_FRAMEWORK_HEADER = YES;
				CLANG_WARN_RANGE_LOOP_ANALYSIS = YES;
				CLANG_WARN_STRICT_PROTOTYPES = YES;
				CLANG_WARN_SUSPICIOUS_MOVE = YES;
				CLANG_WARN_UNGUARDED_AVAILABILITY = YES_AGGRESSIVE;
				CLANG_WARN_UNREACHABLE_CODE = YES;
				CLANG_WARN__DUPLICATE_METHOD_MATCH = YES;
				COPY_PHASE_STRIP = NO;
				DEBUG_INFORMATION_FORMAT = dwarf;
				ENABLE_STRICT_OBJC_MSGSEND = YES;
				ENABLE_TESTABILITY = YES;
				GCC_C_LANGUAGE_STANDARD = gnu11;
				GCC_DYNAMIC_NO_PIC = NO;
				GCC_NO_COMMON_BLOCKS = YES;
				GCC_OPTIMIZATION_LEVEL = 0;
				GCC_PREPROCESSOR_DEFINITIONS = (
					"DEBUG=1",
					"$(inherited)",
				);
				GCC_WARN_64_TO_32_BIT_CONVERSION = YES;
				GCC_WARN_ABOUT_RETURN_TYPE = YES_ERROR;
				GCC_WARN_UNDECLARED_SELECTOR = YES;
				GCC_WARN_UNINITIALIZED_AUTOS = YES_AGGRESSIVE;
				GCC_WARN_UNUSED_FUNCTION = YES;
				GCC_WARN_UNUSED_VARIABLE = YES;
				IPHONEOS_DEPLOYMENT_TARGET = 14.1;
				MTL_ENABLE_DEBUG_INFO = INCLUDE_SOURCE;
				MTL_FAST_MATH = YES;
				ONLY_ACTIVE_ARCH = YES;
				SDKROOT = iphoneos;
				SWIFT_ACTIVE_COMPILATION_CONDITIONS = DEBUG;
				SWIFT_OPTIMIZATION_LEVEL = "-Onone";
			};
			name = Debug;
		};
		EFBABF0325404DC100F5CEF9 /* Release */ = {
			isa = XCBuildConfiguration;
			buildSettings = {
				ALWAYS_SEARCH_USER_PATHS = NO;
				CLANG_ANALYZER_NONNULL = YES;
				CLANG_ANALYZER_NUMBER_OBJECT_CONVERSION = YES_AGGRESSIVE;
				CLANG_CXX_LANGUAGE_STANDARD = "gnu++14";
				CLANG_CXX_LIBRARY = "libc++";
				CLANG_ENABLE_MODULES = YES;
				CLANG_ENABLE_OBJC_ARC = YES;
				CLANG_ENABLE_OBJC_WEAK = YES;
				CLANG_WARN_BLOCK_CAPTURE_AUTORELEASING = YES;
				CLANG_WARN_BOOL_CONVERSION = YES;
				CLANG_WARN_COMMA = YES;
				CLANG_WARN_CONSTANT_CONVERSION = YES;
				CLANG_WARN_DEPRECATED_OBJC_IMPLEMENTATIONS = YES;
				CLANG_WARN_DIRECT_OBJC_ISA_USAGE = YES_ERROR;
				CLANG_WARN_DOCUMENTATION_COMMENTS = YES;
				CLANG_WARN_EMPTY_BODY = YES;
				CLANG_WARN_ENUM_CONVERSION = YES;
				CLANG_WARN_INFINITE_RECURSION = YES;
				CLANG_WARN_INT_CONVERSION = YES;
				CLANG_WARN_NON_LITERAL_NULL_CONVERSION = YES;
				CLANG_WARN_OBJC_IMPLICIT_RETAIN_SELF = YES;
				CLANG_WARN_OBJC_LITERAL_CONVERSION = YES;
				CLANG_WARN_OBJC_ROOT_CLASS = YES_ERROR;
				CLANG_WARN_QUOTED_INCLUDE_IN_FRAMEWORK_HEADER = YES;
				CLANG_WARN_RANGE_LOOP_ANALYSIS = YES;
				CLANG_WARN_STRICT_PROTOTYPES = YES;
				CLANG_WARN_SUSPICIOUS_MOVE = YES;
				CLANG_WARN_UNGUARDED_AVAILABILITY = YES_AGGRESSIVE;
				CLANG_WARN_UNREACHABLE_CODE = YES;
				CLANG_WARN__DUPLICATE_METHOD_MATCH = YES;
				COPY_PHASE_STRIP = NO;
				DEBUG_INFORMATION_FORMAT = "dwarf-with-dsym";
				ENABLE_NS_ASSERTIONS = NO;
				ENABLE_STRICT_OBJC_MSGSEND = YES;
				GCC_C_LANGUAGE_STANDARD = gnu11;
				GCC_NO_COMMON_BLOCKS = YES;
				GCC_WARN_64_TO_32_BIT_CONVERSION = YES;
				GCC_WARN_ABOUT_RETURN_TYPE = YES_ERROR;
				GCC_WARN_UNDECLARED_SELECTOR = YES;
				GCC_WARN_UNINITIALIZED_AUTOS = YES_AGGRESSIVE;
				GCC_WARN_UNUSED_FUNCTION = YES;
				GCC_WARN_UNUSED_VARIABLE = YES;
				IPHONEOS_DEPLOYMENT_TARGET = 14.1;
				MTL_ENABLE_DEBUG_INFO = NO;
				MTL_FAST_MATH = YES;
				SDKROOT = iphoneos;
				SWIFT_COMPILATION_MODE = wholemodule;
				SWIFT_OPTIMIZATION_LEVEL = "-O";
				VALIDATE_PRODUCT = YES;
			};
			name = Release;
		};
		EFBABF0525404DC100F5CEF9 /* Debug */ = {
			isa = XCBuildConfiguration;
			buildSettings = {
				ASSETCATALOG_COMPILER_APPICON_NAME = AppIcon;
				ASSETCATALOG_COMPILER_GLOBAL_ACCENT_COLOR_NAME = AccentColor;
				CODE_SIGN_STYLE = Automatic;
				DEVELOPMENT_ASSET_PATHS = "\"Custom TabView/Preview Content\"";
				DEVELOPMENT_TEAM = CFBV6A4UV7;
				ENABLE_PREVIEWS = YES;
				INFOPLIST_FILE = "Custom TabView/Info.plist";
				IPHONEOS_DEPLOYMENT_TARGET = 14.0;
				LD_RUNPATH_SEARCH_PATHS = (
					"$(inherited)",
					"@executable_path/Frameworks",
				);
				PRODUCT_BUNDLE_IDENTIFIER = "jp.co.shlab.Custom-TabView";
				PRODUCT_NAME = "$(TARGET_NAME)";
				SWIFT_VERSION = 5.0;
				TARGETED_DEVICE_FAMILY = "1,2";
			};
			name = Debug;
		};
		EFBABF0625404DC100F5CEF9 /* Release */ = {
			isa = XCBuildConfiguration;
			buildSettings = {
				ASSETCATALOG_COMPILER_APPICON_NAME = AppIcon;
				ASSETCATALOG_COMPILER_GLOBAL_ACCENT_COLOR_NAME = AccentColor;
				CODE_SIGN_STYLE = Automatic;
				DEVELOPMENT_ASSET_PATHS = "\"Custom TabView/Preview Content\"";
				DEVELOPMENT_TEAM = CFBV6A4UV7;
				ENABLE_PREVIEWS = YES;
				INFOPLIST_FILE = "Custom TabView/Info.plist";
				IPHONEOS_DEPLOYMENT_TARGET = 14.0;
				LD_RUNPATH_SEARCH_PATHS = (
					"$(inherited)",
					"@executable_path/Frameworks",
				);
				PRODUCT_BUNDLE_IDENTIFIER = "jp.co.shlab.Custom-TabView";
				PRODUCT_NAME = "$(TARGET_NAME)";
				SWIFT_VERSION = 5.0;
				TARGETED_DEVICE_FAMILY = "1,2";
			};
			name = Release;
		};
/* End XCBuildConfiguration section */

/* Begin XCConfigurationList section */
		EFBABEF025404DBF00F5CEF9 /* Build configuration list for PBXProject "Custom TabView" */ = {
			isa = XCConfigurationList;
			buildConfigurations = (
				EFBABF0225404DC100F5CEF9 /* Debug */,
				EFBABF0325404DC100F5CEF9 /* Release */,
			);
			defaultConfigurationIsVisible = 0;
			defaultConfigurationName = Release;
		};
		EFBABF0425404DC100F5CEF9 /* Build configuration list for PBXNativeTarget "Custom TabView" */ = {
			isa = XCConfigurationList;
			buildConfigurations = (
				EFBABF0525404DC100F5CEF9 /* Debug */,
				EFBABF0625404DC100F5CEF9 /* Release */,
			);
			defaultConfigurationIsVisible = 0;
			defaultConfigurationName = Release;
		};
/* End XCConfigurationList section */

/* Begin XCRemoteSwiftPackageReference section */
		EF9A05B02540525800FA0946 /* XCRemoteSwiftPackageReference "SDWebImageSwiftUI" */ = {
			isa = XCRemoteSwiftPackageReference;
			repositoryURL = "https://github.com/SDWebImage/SDWebImageSwiftUI";
			requirement = {
				kind = upToNextMajorVersion;
				minimumVersion = 1.5.0;
			};
		};
/* End XCRemoteSwiftPackageReference section */

/* Begin XCSwiftPackageProductDependency section */
		EF9A05B12540525800FA0946 /* SDWebImageSwiftUI */ = {
			isa = XCSwiftPackageProductDependency;
			package = EF9A05B02540525800FA0946 /* XCRemoteSwiftPackageReference "SDWebImageSwiftUI" */;
			productName = SDWebImageSwiftUI;
		};
/* End XCSwiftPackageProductDependency section */
	};
	rootObject = EFBABEED25404DBF00F5CEF9 /* Project object */;
}
